
Microsoft Visual Studio Solution File, Format Version 12.00
# Visual Studio 15
VisualStudioVersion = 15.0.27004.2006
MinimumVisualStudioVersion = 10.0.40219.1
Project("{2150E333-8FDC-42A3-9474-1A3956D46DE8}") = "Solution Items", "Solution Items", "{953D2520-3518-4A89-A335-72547D5B8EAD}"
	ProjectSection(SolutionItems) = preProject
		Solution Items\SolutionInfo.cs = Solution Items\SolutionInfo.cs
		Solution Items\VersionInfo.cs = Solution Items\VersionInfo.cs
	EndProjectSection
EndProject
Project("{9A19103F-16F7-4668-BE54-9A1E7A4F7556}") = "Server.OpenIDConnect.Common", "Server.OpenIDConnect.Common\Server.OpenIDConnect.Common.csproj", "{90829768-9B06-475D-AC73-C9C6E0F20ACB}"
EndProject
Project("{9A19103F-16F7-4668-BE54-9A1E7A4F7556}") = "Server.AzureAD", "Server.AzureAD\Server.AzureAD.csproj", "{8CBCE54C-D501-4ED8-A716-DE64AE5198DA}"
EndProject
Project("{9A19103F-16F7-4668-BE54-9A1E7A4F7556}") = "Client.OpenIDConnect", "Client.OpenIDConnect\Client.OpenIDConnect.csproj", "{2B189A86-73DB-495F-B2B7-104672DB1580}"
EndProject
Project("{9A19103F-16F7-4668-BE54-9A1E7A4F7556}") = "Client.AzureAD", "Client.AzureAD\Client.AzureAD.csproj", "{A0DD0DD3-B040-45D7-A4E3-C4601C63D8B9}"
EndProject
Project("{9A19103F-16F7-4668-BE54-9A1E7A4F7556}") = "_build", "..\build\_build.csproj", "{C9D46DEE-82B4-48B1-968D-5E2B64B96B18}"
EndProject
Global
	GlobalSection(SolutionConfigurationPlatforms) = preSolution
		Debug|Any CPU = Debug|Any CPU
		Release|Any CPU = Release|Any CPU
	EndGlobalSection
	GlobalSection(ProjectConfigurationPlatforms) = postSolution
		{C9D46DEE-82B4-48B1-968D-5E2B64B96B18}.Debug|Any CPU.ActiveCfg = Debug|Any CPU
		{C9D46DEE-82B4-48B1-968D-5E2B64B96B18}.Release|Any CPU.ActiveCfg = Release|Any CPU
		{90829768-9B06-475D-AC73-C9C6E0F20ACB}.Debug|Any CPU.ActiveCfg = Debug|Any CPU
		{90829768-9B06-475D-AC73-C9C6E0F20ACB}.Debug|Any CPU.Build.0 = Debug|Any CPU
		{90829768-9B06-475D-AC73-C9C6E0F20ACB}.Release|Any CPU.ActiveCfg = Release|Any CPU
		{90829768-9B06-475D-AC73-C9C6E0F20ACB}.Release|Any CPU.Build.0 = Release|Any CPU
		{8CBCE54C-D501-4ED8-A716-DE64AE5198DA}.Debug|Any CPU.ActiveCfg = Debug|Any CPU
		{8CBCE54C-D501-4ED8-A716-DE64AE5198DA}.Debug|Any CPU.Build.0 = Debug|Any CPU
		{8CBCE54C-D501-4ED8-A716-DE64AE5198DA}.Release|Any CPU.ActiveCfg = Release|Any CPU
		{8CBCE54C-D501-4ED8-A716-DE64AE5198DA}.Release|Any CPU.Build.0 = Release|Any CPU
		{2B189A86-73DB-495F-B2B7-104672DB1580}.Debug|Any CPU.ActiveCfg = Debug|Any CPU
		{2B189A86-73DB-495F-B2B7-104672DB1580}.Debug|Any CPU.Build.0 = Debug|Any CPU
		{2B189A86-73DB-495F-B2B7-104672DB1580}.Release|Any CPU.ActiveCfg = Release|Any CPU
		{2B189A86-73DB-495F-B2B7-104672DB1580}.Release|Any CPU.Build.0 = Release|Any CPU
		{A0DD0DD3-B040-45D7-A4E3-C4601C63D8B9}.Debug|Any CPU.ActiveCfg = Debug|Any CPU
		{A0DD0DD3-B040-45D7-A4E3-C4601C63D8B9}.Debug|Any CPU.Build.0 = Debug|Any CPU
		{A0DD0DD3-B040-45D7-A4E3-C4601C63D8B9}.Release|Any CPU.ActiveCfg = Release|Any CPU
		{A0DD0DD3-B040-45D7-A4E3-C4601C63D8B9}.Release|Any CPU.Build.0 = Release|Any CPU
	EndGlobalSection
	GlobalSection(SolutionProperties) = preSolution
		HideSolutionNode = FALSE
	EndGlobalSection
	GlobalSection(NestedProjects) = preSolution
	EndGlobalSection
	GlobalSection(ExtensibilityGlobals) = postSolution
		SolutionGuid = {6EC7C479-5684-490E-B66E-D85F4F015923}
	EndGlobalSection
EndGlobal
